// !$*UTF8*$!
{
	archiveVersion = 1;
	classes = {
	};
	objectVersion = 50;
	objects = {

/* Begin PBXBuildFile section */
		A2B7A3A82167D49B0030C2E0 /* AppDelegate.swift in Sources */ = {isa = PBXBuildFile; fileRef = A2B7A3A72167D49B0030C2E0 /* AppDelegate.swift */; };
		A2B7A3AA2167D49B0030C2E0 /* ViewController.swift in Sources */ = {isa = PBXBuildFile; fileRef = A2B7A3A92167D49B0030C2E0 /* ViewController.swift */; };
		A2B7A3AD2167D49B0030C2E0 /* Main.storyboard in Resources */ = {isa = PBXBuildFile; fileRef = A2B7A3AB2167D49B0030C2E0 /* Main.storyboard */; };
		A2B7A3AF2167D49C0030C2E0 /* Assets.xcassets in Resources */ = {isa = PBXBuildFile; fileRef = A2B7A3AE2167D49C0030C2E0 /* Assets.xcassets */; };
		A2B7A3B22167D49C0030C2E0 /* LaunchScreen.storyboard in Resources */ = {isa = PBXBuildFile; fileRef = A2B7A3B02167D49C0030C2E0 /* LaunchScreen.storyboard */; };
		A2B7A3BA2167D4CB0030C2E0 /* VerticalViewController.swift in Sources */ = {isa = PBXBuildFile; fileRef = A2B7A3B92167D4CB0030C2E0 /* VerticalViewController.swift */; };
		A2B7A3BC2167D4FD0030C2E0 /* VerticalViewController.storyboard in Resources */ = {isa = PBXBuildFile; fileRef = A2B7A3BB2167D4FD0030C2E0 /* VerticalViewController.storyboard */; };
		A2B7A3C02167DF600030C2E0 /* FadeViewController.swift in Sources */ = {isa = PBXBuildFile; fileRef = A2B7A3BF2167DF600030C2E0 /* FadeViewController.swift */; };
		A2B7A3C22167DF710030C2E0 /* FadeViewController.storyboard in Resources */ = {isa = PBXBuildFile; fileRef = A2B7A3C12167DF710030C2E0 /* FadeViewController.storyboard */; };
		A2CC410121690C7D00C0DE8E /* NextViewController.swift in Sources */ = {isa = PBXBuildFile; fileRef = A2CC410021690C7D00C0DE8E /* NextViewController.swift */; };
		A2CC410321690C8A00C0DE8E /* NextViewController.storyboard in Resources */ = {isa = PBXBuildFile; fileRef = A2CC410221690C8A00C0DE8E /* NextViewController.storyboard */; };
		A2CC410521691CD200C0DE8E /* BottomPresentationController.swift in Sources */ = {isa = PBXBuildFile; fileRef = A2CC410421691CD200C0DE8E /* BottomPresentationController.swift */; };
		A2CC41072169279E00C0DE8E /* CenterPresentationController.swift in Sources */ = {isa = PBXBuildFile; fileRef = A2CC41062169279E00C0DE8E /* CenterPresentationController.swift */; };
/* End PBXBuildFile section */

/* Begin PBXFileReference section */
		A2B7A3A42167D49B0030C2E0 /* swf-Transition-demo.app */ = {isa = PBXFileReference; explicitFileType = wrapper.application; includeInIndex = 0; path = "swf-Transition-demo.app"; sourceTree = BUILT_PRODUCTS_DIR; };
		A2B7A3A72167D49B0030C2E0 /* AppDelegate.swift */ = {isa = PBXFileReference; lastKnownFileType = sourcecode.swift; path = AppDelegate.swift; sourceTree = "<group>"; };
		A2B7A3A92167D49B0030C2E0 /* ViewController.swift */ = {isa = PBXFileReference; lastKnownFileType = sourcecode.swift; path = ViewController.swift; sourceTree = "<group>"; };
		A2B7A3AC2167D49B0030C2E0 /* Base */ = {isa = PBXFileReference; lastKnownFileType = file.storyboard; name = Base; path = Base.lproj/Main.storyboard; sourceTree = "<group>"; };
		A2B7A3AE2167D49C0030C2E0 /* Assets.xcassets */ = {isa = PBXFileReference; lastKnownFileType = folder.assetcatalog; path = Assets.xcassets; sourceTree = "<group>"; };
		A2B7A3B12167D49C0030C2E0 /* Base */ = {isa = PBXFileReference; lastKnownFileType = file.storyboard; name = Base; path = Base.lproj/LaunchScreen.storyboard; sourceTree = "<group>"; };
		A2B7A3B32167D49C0030C2E0 /* Info.plist */ = {isa = PBXFileReference; lastKnownFileType = text.plist.xml; path = Info.plist; sourceTree = "<group>"; };
		A2B7A3B92167D4CB0030C2E0 /* VerticalViewController.swift */ = {isa = PBXFileReference; lastKnownFileType = sourcecode.swift; path = VerticalViewController.swift; sourceTree = "<group>"; };
		A2B7A3BB2167D4FD0030C2E0 /* VerticalViewController.storyboard */ = {isa = PBXFileReference; lastKnownFileType = file.storyboard; path = VerticalViewController.storyboard; sourceTree = "<group>"; };
		A2B7A3BF2167DF600030C2E0 /* FadeViewController.swift */ = {isa = PBXFileReference; lastKnownFileType = sourcecode.swift; path = FadeViewController.swift; sourceTree = "<group>"; };
		A2B7A3C12167DF710030C2E0 /* FadeViewController.storyboard */ = {isa = PBXFileReference; lastKnownFileType = file.storyboard; path = FadeViewController.storyboard; sourceTree = "<group>"; };
		A2CC410021690C7D00C0DE8E /* NextViewController.swift */ = {isa = PBXFileReference; lastKnownFileType = sourcecode.swift; path = NextViewController.swift; sourceTree = "<group>"; };
		A2CC410221690C8A00C0DE8E /* NextViewController.storyboard */ = {isa = PBXFileReference; lastKnownFileType = file.storyboard; path = NextViewController.storyboard; sourceTree = "<group>"; };
		A2CC410421691CD200C0DE8E /* BottomPresentationController.swift */ = {isa = PBXFileReference; lastKnownFileType = sourcecode.swift; path = BottomPresentationController.swift; sourceTree = "<group>"; };
		A2CC41062169279E00C0DE8E /* CenterPresentationController.swift */ = {isa = PBXFileReference; lastKnownFileType = sourcecode.swift; path = CenterPresentationController.swift; sourceTree = "<group>"; };
/* End PBXFileReference section */

/* Begin PBXFrameworksBuildPhase section */
		A2B7A3A12167D49B0030C2E0 /* Frameworks */ = {
			isa = PBXFrameworksBuildPhase;
			buildActionMask = 2147483647;
			files = (
			);
			runOnlyForDeploymentPostprocessing = 0;
		};
/* End PBXFrameworksBuildPhase section */

/* Begin PBXGroup section */
		A2B7A39B2167D49B0030C2E0 = {
			isa = PBXGroup;
			children = (
				A2B7A3A62167D49B0030C2E0 /* swf-Transition-demo */,
				A2B7A3A52167D49B0030C2E0 /* Products */,
			);
			sourceTree = "<group>";
		};
		A2B7A3A52167D49B0030C2E0 /* Products */ = {
			isa = PBXGroup;
			children = (
				A2B7A3A42167D49B0030C2E0 /* swf-Transition-demo.app */,
			);
			name = Products;
			sourceTree = "<group>";
		};
		A2B7A3A62167D49B0030C2E0 /* swf-Transition-demo */ = {
			isa = PBXGroup;
			children = (
				A2B7A3BE2167DF540030C2E0 /* Fade */,
				A2B7A3BD2167DF2A0030C2E0 /* CoverVertical */,
				A2B7A3A72167D49B0030C2E0 /* AppDelegate.swift */,
				A2B7A3A92167D49B0030C2E0 /* ViewController.swift */,
				A2B7A3AB2167D49B0030C2E0 /* Main.storyboard */,
				A2B7A3AE2167D49C0030C2E0 /* Assets.xcassets */,
				A2B7A3B02167D49C0030C2E0 /* LaunchScreen.storyboard */,
				A2B7A3B32167D49C0030C2E0 /* Info.plist */,
			);
			path = "swf-Transition-demo";
			sourceTree = "<group>";
		};
		A2B7A3BD2167DF2A0030C2E0 /* CoverVertical */ = {
			isa = PBXGroup;
			children = (
				A2B7A3B92167D4CB0030C2E0 /* VerticalViewController.swift */,
				A2B7A3BB2167D4FD0030C2E0 /* VerticalViewController.storyboard */,
				A2CC410021690C7D00C0DE8E /* NextViewController.swift */,
				A2CC410221690C8A00C0DE8E /* NextViewController.storyboard */,
				A2CC410421691CD200C0DE8E /* BottomPresentationController.swift */,
				A2CC41062169279E00C0DE8E /* CenterPresentationController.swift */,
			);
			path = CoverVertical;
			sourceTree = "<group>";
		};
		A2B7A3BE2167DF540030C2E0 /* Fade */ = {
			isa = PBXGroup;
			children = (
				A2B7A3BF2167DF600030C2E0 /* FadeViewController.swift */,
				A2B7A3C12167DF710030C2E0 /* FadeViewController.storyboard */,
			);
			path = Fade;
			sourceTree = "<group>";
		};
/* End PBXGroup section */

/* Begin PBXNativeTarget section */
		A2B7A3A32167D49B0030C2E0 /* swf-Transition-demo */ = {
			isa = PBXNativeTarget;
			buildConfigurationList = A2B7A3B62167D49C0030C2E0 /* Build configuration list for PBXNativeTarget "swf-Transition-demo" */;
			buildPhases = (
				A2B7A3A02167D49B0030C2E0 /* Sources */,
				A2B7A3A12167D49B0030C2E0 /* Frameworks */,
				A2B7A3A22167D49B0030C2E0 /* Resources */,
			);
			buildRules = (
			);
			dependencies = (
			);
			name = "swf-Transition-demo";
			productName = "swf-Transition-demo";
			productReference = A2B7A3A42167D49B0030C2E0 /* swf-Transition-demo.app */;
			productType = "com.apple.product-type.application";
		};
/* End PBXNativeTarget section */

/* Begin PBXProject section */
		A2B7A39C2167D49B0030C2E0 /* Project object */ = {
			isa = PBXProject;
			attributes = {
				LastSwiftUpdateCheck = 1000;
				LastUpgradeCheck = 1000;
				ORGANIZATIONNAME = S.Emoto;
				TargetAttributes = {
					A2B7A3A32167D49B0030C2E0 = {
						CreatedOnToolsVersion = 10.0;
					};
				};
			};
			buildConfigurationList = A2B7A39F2167D49B0030C2E0 /* Build configuration list for PBXProject "swf-Transition-demo" */;
			compatibilityVersion = "Xcode 9.3";
			developmentRegion = en;
			hasScannedForEncodings = 0;
			knownRegions = (
				en,
				Base,
			);
			mainGroup = A2B7A39B2167D49B0030C2E0;
			productRefGroup = A2B7A3A52167D49B0030C2E0 /* Products */;
			projectDirPath = "";
			projectRoot = "";
			targets = (
				A2B7A3A32167D49B0030C2E0 /* swf-Transition-demo */,
			);
		};
/* End PBXProject section */

/* Begin PBXResourcesBuildPhase section */
		A2B7A3A22167D49B0030C2E0 /* Resources */ = {
			isa = PBXResourcesBuildPhase;
			buildActionMask = 2147483647;
			files = (
				A2B7A3B22167D49C0030C2E0 /* LaunchScreen.storyboard in Resources */,
				A2B7A3AF2167D49C0030C2E0 /* Assets.xcassets in Resources */,
				A2CC410321690C8A00C0DE8E /* NextViewController.storyboard in Resources */,
				A2B7A3AD2167D49B0030C2E0 /* Main.storyboard in Resources */,
				A2B7A3BC2167D4FD0030C2E0 /* VerticalViewController.storyboard in Resources */,
				A2B7A3C22167DF710030C2E0 /* FadeViewController.storyboard in Resources */,
			);
			runOnlyForDeploymentPostprocessing = 0;
		};
/* End PBXResourcesBuildPhase section */

/* Begin PBXSourcesBuildPhase section */
		A2B7A3A02167D49B0030C2E0 /* Sources */ = {
			isa = PBXSourcesBuildPhase;
			buildActionMask = 2147483647;
			files = (
				A2CC410121690C7D00C0DE8E /* NextViewController.swift in Sources */,
				A2CC41072169279E00C0DE8E /* CenterPresentationController.swift in Sources */,
				A2B7A3AA2167D49B0030C2E0 /* ViewController.swift in Sources */,
				A2B7A3A82167D49B0030C2E0 /* AppDelegate.swift in Sources */,
				A2CC410521691CD200C0DE8E /* BottomPresentationController.swift in Sources */,
				A2B7A3C02167DF600030C2E0 /* FadeViewController.swift in Sources */,
				A2B7A3BA2167D4CB0030C2E0 /* VerticalViewController.swift in Sources */,
			);
			runOnlyForDeploymentPostprocessing = 0;
		};
/* End PBXSourcesBuildPhase section */

/* Begin PBXVariantGroup section */
		A2B7A3AB2167D49B0030C2E0 /* Main.storyboard */ = {
			isa = PBXVariantGroup;
			children = (
				A2B7A3AC2167D49B0030C2E0 /* Base */,
			);
			name = Main.storyboard;
			sourceTree = "<group>";
		};
		A2B7A3B02167D49C0030C2E0 /* LaunchScreen.storyboard */ = {
			isa = PBXVariantGroup;
			children = (
				A2B7A3B12167D49C0030C2E0 /* Base */,
			);
			name = LaunchScreen.storyboard;
			sourceTree = "<group>";
		};
/* End PBXVariantGroup section */

/* Begin XCBuildConfiguration section */
		A2B7A3B42167D49C0030C2E0 /* Debug */ = {
			isa = XCBuildConfiguration;
			buildSettings = {
				ALWAYS_SEARCH_USER_PATHS = NO;
				CLANG_ANALYZER_NONNULL = YES;
				CLANG_ANALYZER_NUMBER_OBJECT_CONVERSION = YES_AGGRESSIVE;
				CLANG_CXX_LANGUAGE_STANDARD = "gnu++14";
				CLANG_CXX_LIBRARY = "libc++";
				CLANG_ENABLE_MODULES = YES;
				CLANG_ENABLE_OBJC_ARC = YES;
				CLANG_ENABLE_OBJC_WEAK = YES;
				CLANG_WARN_BLOCK_CAPTURE_AUTORELEASING = YES;
				CLANG_WARN_BOOL_CONVERSION = YES;
				CLANG_WARN_COMMA = YES;
				CLANG_WARN_CONSTANT_CONVERSION = YES;
				CLANG_WARN_DEPRECATED_OBJC_IMPLEMENTATIONS = YES;
				CLANG_WARN_DIRECT_OBJC_ISA_USAGE = YES_ERROR;
				CLANG_WARN_DOCUMENTATION_COMMENTS = YES;
				CLANG_WARN_EMPTY_BODY = YES;
				CLANG_WARN_ENUM_CONVERSION = YES;
				CLANG_WARN_INFINITE_RECURSION = YES;
				CLANG_WARN_INT_CONVERSION = YES;
				CLANG_WARN_NON_LITERAL_NULL_CONVERSION = YES;
				CLANG_WARN_OBJC_IMPLICIT_RETAIN_SELF = YES;
				CLANG_WARN_OBJC_LITERAL_CONVERSION = YES;
				CLANG_WARN_OBJC_ROOT_CLASS = YES_ERROR;
				CLANG_WARN_RANGE_LOOP_ANALYSIS = YES;
				CLANG_WARN_STRICT_PROTOTYPES = YES;
				CLANG_WARN_SUSPICIOUS_MOVE = YES;
				CLANG_WARN_UNGUARDED_AVAILABILITY = YES_AGGRESSIVE;
				CLANG_WARN_UNREACHABLE_CODE = YES;
				CLANG_WARN__DUPLICATE_METHOD_MATCH = YES;
				CODE_SIGN_IDENTITY = "iPhone Developer";
				COPY_PHASE_STRIP = NO;
				DEBUG_INFORMATION_FORMAT = dwarf;
				ENABLE_STRICT_OBJC_MSGSEND = YES;
				ENABLE_TESTABILITY = YES;
				GCC_C_LANGUAGE_STANDARD = gnu11;
				GCC_DYNAMIC_NO_PIC = NO;
				GCC_NO_COMMON_BLOCKS = YES;
				GCC_OPTIMIZATION_LEVEL = 0;
				GCC_PREPROCESSOR_DEFINITIONS = (
					"DEBUG=1",
					"$(inherited)",
				);
				GCC_WARN_64_TO_32_BIT_CONVERSION = YES;
				GCC_WARN_ABOUT_RETURN_TYPE = YES_ERROR;
				GCC_WARN_UNDECLARED_SELECTOR = YES;
				GCC_WARN_UNINITIALIZED_AUTOS = YES_AGGRESSIVE;
				GCC_WARN_UNUSED_FUNCTION = YES;
				GCC_WARN_UNUSED_VARIABLE = YES;
				IPHONEOS_DEPLOYMENT_TARGET = 12.0;
				MTL_ENABLE_DEBUG_INFO = INCLUDE_SOURCE;
				MTL_FAST_MATH = YES;
				ONLY_ACTIVE_ARCH = YES;
				SDKROOT = iphoneos;
				SWIFT_ACTIVE_COMPILATION_CONDITIONS = DEBUG;
				SWIFT_OPTIMIZATION_LEVEL = "-Onone";
			};
			name = Debug;
		};
		A2B7A3B52167D49C0030C2E0 /* Release */ = {
			isa = XCBuildConfiguration;
			buildSettings = {
				ALWAYS_SEARCH_USER_PATHS = NO;
				CLANG_ANALYZER_NONNULL = YES;
				CLANG_ANALYZER_NUMBER_OBJECT_CONVERSION = YES_AGGRESSIVE;
				CLANG_CXX_LANGUAGE_STANDARD = "gnu++14";
				CLANG_CXX_LIBRARY = "libc++";
				CLANG_ENABLE_MODULES = YES;
				CLANG_ENABLE_OBJC_ARC = YES;
				CLANG_ENABLE_OBJC_WEAK = YES;
				CLANG_WARN_BLOCK_CAPTURE_AUTORELEASING = YES;
				CLANG_WARN_BOOL_CONVERSION = YES;
				CLANG_WARN_COMMA = YES;
				CLANG_WARN_CONSTANT_CONVERSION = YES;
				CLANG_WARN_DEPRECATED_OBJC_IMPLEMENTATIONS = YES;
				CLANG_WARN_DIRECT_OBJC_ISA_USAGE = YES_ERROR;
				CLANG_WARN_DOCUMENTATION_COMMENTS = YES;
				CLANG_WARN_EMPTY_BODY = YES;
				CLANG_WARN_ENUM_CONVERSION = YES;
				CLANG_WARN_INFINITE_RECURSION = YES;
				CLANG_WARN_INT_CONVERSION = YES;
				CLANG_WARN_NON_LITERAL_NULL_CONVERSION = YES;
				CLANG_WARN_OBJC_IMPLICIT_RETAIN_SELF = YES;
				CLANG_WARN_OBJC_LITERAL_CONVERSION = YES;
				CLANG_WARN_OBJC_ROOT_CLASS = YES_ERROR;
				CLANG_WARN_RANGE_LOOP_ANALYSIS = YES;
				CLANG_WARN_STRICT_PROTOTYPES = YES;
				CLANG_WARN_SUSPICIOUS_MOVE = YES;
				CLANG_WARN_UNGUARDED_AVAILABILITY = YES_AGGRESSIVE;
				CLANG_WARN_UNREACHABLE_CODE = YES;
				CLANG_WARN__DUPLICATE_METHOD_MATCH = YES;
				CODE_SIGN_IDENTITY = "iPhone Developer";
				COPY_PHASE_STRIP = NO;
				DEBUG_INFORMATION_FORMAT = "dwarf-with-dsym";
				ENABLE_NS_ASSERTIONS = NO;
				ENABLE_STRICT_OBJC_MSGSEND = YES;
				GCC_C_LANGUAGE_STANDARD = gnu11;
				GCC_NO_COMMON_BLOCKS = YES;
				GCC_WARN_64_TO_32_BIT_CONVERSION = YES;
				GCC_WARN_ABOUT_RETURN_TYPE = YES_ERROR;
				GCC_WARN_UNDECLARED_SELECTOR = YES;
				GCC_WARN_UNINITIALIZED_AUTOS = YES_AGGRESSIVE;
				GCC_WARN_UNUSED_FUNCTION = YES;
				GCC_WARN_UNUSED_VARIABLE = YES;
				IPHONEOS_DEPLOYMENT_TARGET = 12.0;
				MTL_ENABLE_DEBUG_INFO = NO;
				MTL_FAST_MATH = YES;
				SDKROOT = iphoneos;
				SWIFT_COMPILATION_MODE = wholemodule;
				SWIFT_OPTIMIZATION_LEVEL = "-O";
				VALIDATE_PRODUCT = YES;
			};
			name = Release;
		};
		A2B7A3B72167D49C0030C2E0 /* Debug */ = {
			isa = XCBuildConfiguration;
			buildSettings = {
				ASSETCATALOG_COMPILER_APPICON_NAME = AppIcon;
				CODE_SIGN_STYLE = Automatic;
				DEVELOPMENT_TEAM = WCRE7XME38;
				INFOPLIST_FILE = "swf-Transition-demo/Info.plist";
				LD_RUNPATH_SEARCH_PATHS = (
					"$(inherited)",
					"@executable_path/Frameworks",
				);
				PRODUCT_BUNDLE_IDENTIFIER = "sEmoto.jp.swf-Transition-demo";
				PRODUCT_NAME = "$(TARGET_NAME)";
				SWIFT_VERSION = 4.2;
				TARGETED_DEVICE_FAMILY = "1,2";
			};
			name = Debug;
		};
		A2B7A3B82167D49C0030C2E0 /* Release */ = {
			isa = XCBuildConfiguration;
			buildSettings = {
				ASSETCATALOG_COMPILER_APPICON_NAME = AppIcon;
				CODE_SIGN_STYLE = Automatic;
				DEVELOPMENT_TEAM = WCRE7XME38;
				INFOPLIST_FILE = "swf-Transition-demo/Info.plist";
				LD_RUNPATH_SEARCH_PATHS = (
					"$(inherited)",
					"@executable_path/Frameworks",
				);
				PRODUCT_BUNDLE_IDENTIFIER = "sEmoto.jp.swf-Transition-demo";
				PRODUCT_NAME = "$(TARGET_NAME)";
				SWIFT_VERSION = 4.2;
				TARGETED_DEVICE_FAMILY = "1,2";
			};
			name = Release;
		};
/* End XCBuildConfiguration section */

/* Begin XCConfigurationList section */
		A2B7A39F2167D49B0030C2E0 /* Build configuration list for PBXProject "swf-Transition-demo" */ = {
			isa = XCConfigurationList;
			buildConfigurations = (
				A2B7A3B42167D49C0030C2E0 /* Debug */,
				A2B7A3B52167D49C0030C2E0 /* Release */,
			);
			defaultConfigurationIsVisible = 0;
			defaultConfigurationName = Release;
		};
		A2B7A3B62167D49C0030C2E0 /* Build configuration list for PBXNativeTarget "swf-Transition-demo" */ = {
			isa = XCConfigurationList;
			buildConfigurations = (
				A2B7A3B72167D49C0030C2E0 /* Debug */,
				A2B7A3B82167D49C0030C2E0 /* Release */,
			);
			defaultConfigurationIsVisible = 0;
			defaultConfigurationName = Release;
		};
/* End XCConfigurationList section */
	};
	rootObject = A2B7A39C2167D49B0030C2E0 /* Project object */;
}
